
Microsoft Visual Studio Solution File, Format Version 12.00
# Visual Studio Version 16
VisualStudioVersion = 16.0.30523.141
MinimumVisualStudioVersion = 10.0.40219.1
Project("{FAE04EC0-301F-11D3-BF4B-00C04F79EFBC}") = "ProjectEuler", "ProjectEuler.csproj", "{2930BB9C-44E5-45C8-AEDA-623167113F51}"
EndProject
Global
	GlobalSection(SolutionConfigurationPlatforms) = preSolution
		Debug|Any CPU = Debug|Any CPU
		Release|Any CPU = Release|Any CPU
	EndGlobalSection
	GlobalSection(ProjectConfigurationPlatforms) = postSolution
		{2930BB9C-44E5-45C8-AEDA-623167113F51}.Debug|Any CPU.ActiveCfg = Debug|Any CPU
		{2930BB9C-44E5-45C8-AEDA-623167113F51}.Debug|Any CPU.Build.0 = Debug|Any CPU
		{2930BB9C-44E5-45C8-AEDA-623167113F51}.Release|Any CPU.ActiveCfg = Release|Any CPU
		{2930BB9C-44E5-45C8-AEDA-623167113F51}.Release|Any CPU.Build.0 = Release|Any CPU
	EndGlobalSection
	GlobalSection(SolutionProperties) = preSolution
		HideSolutionNode = FALSE
	EndGlobalSection
	GlobalSection(ExtensibilityGlobals) = postSolution
		SolutionGuid = {1D2C46C7-2CDD-49F5-8D2C-E9FB2BB244F8}
	EndGlobalSection
EndGlobal
